
Microsoft Visual Studio Solution File, Format Version 12.00
# Visual Studio Version 17
VisualStudioVersion = 17.5.33516.290
MinimumVisualStudioVersion = 10.0.40219.1
Project("{FAE04EC0-301F-11D3-BF4B-00C04F79EFBC}") = "TodoList", "TodoList\TodoList.csproj", "{BFB8BADB-3EA0-4123-A5D9-58CE85C22808}"
EndProject
Project("{2150E333-8FDC-42A3-9474-1A3956D46DE8}") = "Solution Items", "Solution Items", "{0F8F14B8-7733-43B9-9C95-6B3EDB9980D6}"
	ProjectSection(SolutionItems) = preProject
		.gitignore = .gitignore
	EndProjectSection
EndProject
Global
	GlobalSection(SolutionConfigurationPlatforms) = preSolution
		Debug|Any CPU = Debug|Any CPU
		Release|Any CPU = Release|Any CPU
	EndGlobalSection
	GlobalSection(ProjectConfigurationPlatforms) = postSolution
		{BFB8BADB-3EA0-4123-A5D9-58CE85C22808}.Debug|Any CPU.ActiveCfg = Debug|Any CPU
		{BFB8BADB-3EA0-4123-A5D9-58CE85C22808}.Debug|Any CPU.Build.0 = Debug|Any CPU
		{BFB8BADB-3EA0-4123-A5D9-58CE85C22808}.Release|Any CPU.ActiveCfg = Release|Any CPU
		{BFB8BADB-3EA0-4123-A5D9-58CE85C22808}.Release|Any CPU.Build.0 = Release|Any CPU
	EndGlobalSection
	GlobalSection(SolutionProperties) = preSolution
		HideSolutionNode = FALSE
	EndGlobalSection
	GlobalSection(ExtensibilityGlobals) = postSolution
		SolutionGuid = {DE8D7732-2ABC-4279-9A36-D6A028695F0F}
	EndGlobalSection
EndGlobal
